Microsoft Visual Studio Solution File, Format Version 12.00
# Visual Studio Version 16
VisualStudioVersion = 16.0.30717.126
MinimumVisualStudioVersion = 15.0.26124.0
Project("{2150E333-8FDC-42A3-9474-1A3956D46DE8}") = "Database Connections", "Database Connections", "{176FF7C7-A346-419A-96A3-AE6716B9F67E}"
EndProject
Project("{9A19103F-16F7-4668-BE54-9A1E7A4F7556}") = "TutorialDDD.Domain", "TutorialDDD.Domain\TutorialDDD.Domain.csproj", "{4D7F61AF-68DE-47F1-B3C0-0848676896F8}"
EndProject
Project("{9A19103F-16F7-4668-BE54-9A1E7A4F7556}") = "TutorialDDD.Persistence", "TutorialDDD.Persistence\TutorialDDD.Persistence.csproj", "{A1B28676-7C15-416E-9393-E35EB4BA6DFC}"
EndProject
Project("{9A19103F-16F7-4668-BE54-9A1E7A4F7556}") = "TutorialDDD.Business", "TutorialDDD.Business\TutorialDDD.Business.csproj", "{73C4C3FC-28BA-4600-987B-7B250241B974}"
EndProject
Project("{9A19103F-16F7-4668-BE54-9A1E7A4F7556}") = "TutorialDDD.Tests", "TutorialDDD.Tests\TutorialDDD.Tests.csproj", "{DCAF8180-C86F-4A65-847E-0A5699E4CB8C}"
EndProject
Global
	GlobalSection(SolutionConfigurationPlatforms) = preSolution
		Debug|Any CPU = Debug|Any CPU
		Release Profilling|Any CPU = Release Profilling|Any CPU
		Release|Any CPU = Release|Any CPU
	EndGlobalSection
	GlobalSection(ProjectConfigurationPlatforms) = postSolution
		{4D7F61AF-68DE-47F1-B3C0-0848676896F8}.Debug|Any CPU.ActiveCfg = Debug|Any CPU
		{4D7F61AF-68DE-47F1-B3C0-0848676896F8}.Debug|Any CPU.Build.0 = Debug|Any CPU
		{4D7F61AF-68DE-47F1-B3C0-0848676896F8}.Release Profilling|Any CPU.ActiveCfg = Release|Any CPU
		{4D7F61AF-68DE-47F1-B3C0-0848676896F8}.Release Profilling|Any CPU.Build.0 = Release|Any CPU
		{4D7F61AF-68DE-47F1-B3C0-0848676896F8}.Release|Any CPU.ActiveCfg = Release|Any CPU
		{4D7F61AF-68DE-47F1-B3C0-0848676896F8}.Release|Any CPU.Build.0 = Release|Any CPU
		{A1B28676-7C15-416E-9393-E35EB4BA6DFC}.Debug|Any CPU.ActiveCfg = Debug|Any CPU
		{A1B28676-7C15-416E-9393-E35EB4BA6DFC}.Debug|Any CPU.Build.0 = Debug|Any CPU
		{A1B28676-7C15-416E-9393-E35EB4BA6DFC}.Release Profilling|Any CPU.ActiveCfg = Release|Any CPU
		{A1B28676-7C15-416E-9393-E35EB4BA6DFC}.Release Profilling|Any CPU.Build.0 = Release|Any CPU
		{A1B28676-7C15-416E-9393-E35EB4BA6DFC}.Release|Any CPU.ActiveCfg = Release|Any CPU
		{A1B28676-7C15-416E-9393-E35EB4BA6DFC}.Release|Any CPU.Build.0 = Release|Any CPU
		{73C4C3FC-28BA-4600-987B-7B250241B974}.Debug|Any CPU.ActiveCfg = Debug|Any CPU
		{73C4C3FC-28BA-4600-987B-7B250241B974}.Debug|Any CPU.Build.0 = Debug|Any CPU
		{73C4C3FC-28BA-4600-987B-7B250241B974}.Release Profilling|Any CPU.ActiveCfg = Release|Any CPU
		{73C4C3FC-28BA-4600-987B-7B250241B974}.Release Profilling|Any CPU.Build.0 = Release|Any CPU
		{73C4C3FC-28BA-4600-987B-7B250241B974}.Release|Any CPU.ActiveCfg = Release|Any CPU
		{73C4C3FC-28BA-4600-987B-7B250241B974}.Release|Any CPU.Build.0 = Release|Any CPU
		{DCAF8180-C86F-4A65-847E-0A5699E4CB8C}.Debug|Any CPU.ActiveCfg = Debug|Any CPU
		{DCAF8180-C86F-4A65-847E-0A5699E4CB8C}.Debug|Any CPU.Build.0 = Debug|Any CPU
		{DCAF8180-C86F-4A65-847E-0A5699E4CB8C}.Release Profilling|Any CPU.ActiveCfg = Release|Any CPU
		{DCAF8180-C86F-4A65-847E-0A5699E4CB8C}.Release Profilling|Any CPU.Build.0 = Release|Any CPU
		{DCAF8180-C86F-4A65-847E-0A5699E4CB8C}.Release|Any CPU.ActiveCfg = Release|Any CPU
		{DCAF8180-C86F-4A65-847E-0A5699E4CB8C}.Release|Any CPU.Build.0 = Release|Any CPU
	EndGlobalSection
	GlobalSection(SolutionProperties) = preSolution
		HideSolutionNode = FALSE
	EndGlobalSection
	GlobalSection(ExtensibilityGlobals) = postSolution
		SolutionGuid = {F4C24906-C5EB-4CA0-A9DC-EF104907A028}
	EndGlobalSection
EndGlobal
